<?xml version="1.0" encoding="utf-8"?>
<Project ToolsVersion="4.0" xmlns="http://schemas.microsoft.com/developer/msbuild/2003">
  <ItemGroup>
    <Filter Include="Source Files">
      <UniqueIdentifier>{4FC737F1-C7A5-4376-A066-2A32D752A2FF}</UniqueIdentifier>
      <Extensions>cpp;c;cc;cxx;def;odl;idl;hpj;bat;asm;asmx</Extensions>
    </Filter>
    <Filter Include="Header Files">
      <UniqueIdentifier>{93995380-89BD-4b04-88EB-625FBE52EBFB}</UniqueIdentifier>
      <Extensions>h;hh;hpp;hxx;hm;inl;inc;xsd</Extensions>
    </Filter>
    <Filter Include="Resource Files">
      <UniqueIdentifier>{67DA6AB6-F800-4c08-8B7A-83BB121AAD01}</UniqueIdentifier>
      <Extensions>rc;ico;cur;bmp;dlg;rc2;rct;bin;rgs;gif;jpg;jpeg;jpe;resx;tiff;tif;png;wav;mfcribbon-ms</Extensions>
    </Filter>
  </ItemGroup>
  <ItemGroup>
    <Text Include="ReadMe.txt" />
    <Text Include="nevermore\def\nmvirtual.def" />
  </ItemGroup>
  <ItemGroup>
    <ClInclude Include="globals.h">
      <Filter>Header Files</Filter>
    </ClInclude>
    <ClInclude Include="utils\error.h">
      <Filter>Header Files</Filter>
    </ClInclude>
    <ClInclude Include="utils\misc.h">
      <Filter>Header Files</Filter>
    </ClInclude>
    <ClInclude Include="utils\string.h">
      <Filter>Header Files</Filter>
    </ClInclude>
    <ClInclude Include="common.h">
      <Filter>Header Files</Filter>
    </ClInclude>
    <ClInclude Include="common\numeric.h">
      <Filter>Header Files</Filter>
    </ClInclude>
    <ClInclude Include="common\text.h">
      <Filter>Header Files</Filter>
    </ClInclude>
    <ClInclude Include="utils\string\cbuf.h">
      <Filter>Header Files</Filter>
    </ClInclude>
    <ClInclude Include="utils\string\fixstr.h">
      <Filter>Header Files</Filter>
    </ClInclude>
    <ClInclude Include="nevermore\nmbase.h">
      <Filter>Header Files</Filter>
    </ClInclude>
    <ClInclude Include="nevermore\gsm.h">
      <Filter>Header Files</Filter>
    </ClInclude>
    <ClInclude Include="utils\rng\rdie.h">
      <Filter>Header Files</Filter>
    </ClInclude>
    <ClInclude Include="utils\rng\diebase.h">
      <Filter>Header Files</Filter>
    </ClInclude>
    <ClInclude Include="utils\rng\drollerbase.h">
      <Filter>Header Files</Filter>
    </ClInclude>
    <ClInclude Include="utils\rng\diceroller.h">
      <Filter>Header Files</Filter>
    </ClInclude>
    <ClInclude Include="utils\rngbase.h">
      <Filter>Header Files</Filter>
    </ClInclude>
    <ClInclude Include="utils\rng.h">
      <Filter>Header Files</Filter>
    </ClInclude>
    <ClInclude Include="utils.h">
      <Filter>Header Files</Filter>
    </ClInclude>
    <ClInclude Include="utils\delegate.h">
      <Filter>Header Files</Filter>
    </ClInclude>
    <ClInclude Include="utils\types\aiid.h">
      <Filter>Header Files</Filter>
    </ClInclude>
    <ClInclude Include="utils\types\array.h">
      <Filter>Header Files</Filter>
    </ClInclude>
    <ClInclude Include="utils\types\counter.h">
      <Filter>Header Files</Filter>
    </ClInclude>
    <ClInclude Include="utils\string\IStringWrapper.h">
      <Filter>Header Files</Filter>
    </ClInclude>
    <ClInclude Include="nevermore.h">
      <Filter>Header Files</Filter>
    </ClInclude>
    <ClInclude Include="utils\types\default.h">
      <Filter>Header Files</Filter>
    </ClInclude>
    <ClInclude Include="category.h">
      <Filter>Header Files</Filter>
    </ClInclude>
    <ClInclude Include="utils\interfaces\compare.h">
      <Filter>Header Files</Filter>
    </ClInclude>
    <ClInclude Include="utils\interfaces.h">
      <Filter>Header Files</Filter>
    </ClInclude>
    <ClInclude Include="utils\types\int.h">
      <Filter>Header Files</Filter>
    </ClInclude>
    <ClInclude Include="utils\logger.h">
      <Filter>Header Files</Filter>
    </ClInclude>
    <ClInclude Include="utils\types.h">
      <Filter>Header Files</Filter>
    </ClInclude>
    <ClInclude Include="utils\interfaces\output.h">
      <Filter>Header Files</Filter>
    </ClInclude>
    <ClInclude Include="utils\string\fmt_str.h">
      <Filter>Header Files</Filter>
    </ClInclude>
    <ClInclude Include="utils\types\time.h">
      <Filter>Header Files</Filter>
    </ClInclude>
    <ClInclude Include="common\base.h">
      <Filter>Header Files</Filter>
    </ClInclude>
    <ClInclude Include="utils\types\bitfield.h">
      <Filter>Header Files</Filter>
    </ClInclude>
    <ClInclude Include="nevermore\entity.h">
      <Filter>Header Files</Filter>
    </ClInclude>
    <ClInclude Include="nevermore\gsm\inventory.h">
      <Filter>Header Files</Filter>
    </ClInclude>
    <ClInclude Include="utils\interfaces\collection.h">
      <Filter>Header Files</Filter>
    </ClInclude>
    <ClInclude Include="utils\smanip.h">
      <Filter>Header Files</Filter>
    </ClInclude>
    <ClInclude Include="utils\smanip\padding.h">
      <Filter>Header Files</Filter>
    </ClInclude>
    <ClInclude Include="nevermore\entities\datatypes.h">
      <Filter>Header Files</Filter>
    </ClInclude>
    <ClInclude Include="utils\delegate\callback.h">
      <Filter>Header Files</Filter>
    </ClInclude>
    <ClInclude Include="utils\delegate\dlgt_maker.h">
      <Filter>Header Files</Filter>
    </ClInclude>
    <ClInclude Include="utils\types\any.h">
      <Filter>Header Files</Filter>
    </ClInclude>
    <ClInclude Include="utils\types\bmap.h">
      <Filter>Header Files</Filter>
    </ClInclude>
  </ItemGroup>
  <ItemGroup>
    <ClCompile Include="utils\rng\rdie.cpp">
      <Filter>Source Files</Filter>
    </ClCompile>
    <ClCompile Include="utils\string\fixstr.cpp">
      <Filter>Source Files</Filter>
    </ClCompile>
  </ItemGroup>
  <ItemGroup>
    <None Include="nevermore\def\nmstatic.def">
      <Filter>Source Files</Filter>
    </None>
    <None Include="cat.def">
      <Filter>Source Files</Filter>
    </None>
  </ItemGroup>
</Project>